
Microsoft Visual Studio Solution File, Format Version 12.00
# Visual Studio 14
VisualStudioVersion = 14.0.25420.1
MinimumVisualStudioVersion = 10.0.40219.1
Project("{8BC9CEB8-8B4A-11D0-8D11-00A0C91BC942}") = "HelloGitHub", "HelloGitHub\HelloGitHub.vcxproj", "{4A60EAE6-0281-42FC-9613-DB52F4D32BB4}"
EndProject
Project("{8BC9CEB8-8B4A-11D0-8D11-00A0C91BC942}") = "EnemyRandomGenerator", "EnemyRandomGenerator\EnemyRandomGenerator.vcxproj", "{539AFE85-04F4-46A6-A1D1-3C40BC306947}"
EndProject
Project("{8BC9CEB8-8B4A-11D0-8D11-00A0C91BC942}") = "TheWalkingDead", "TheWalkingDead\TheWalkingDead.vcxproj", "{BF1F5A6F-CF2C-4B2B-9199-D55B0420826F}"
EndProject
Project("{8BC9CEB8-8B4A-11D0-8D11-00A0C91BC942}") = "DynArray", "DynArray\DynArray.vcxproj", "{BAA3BBBE-6903-49C2-A0F1-92550E355DE6}"
EndProject
Project("{8BC9CEB8-8B4A-11D0-8D11-00A0C91BC942}") = "Testing", "Testing\Testing.vcxproj", "{99D6DF97-F066-44EF-B81A-5F58A56D1744}"
EndProject
Project("{8BC9CEB8-8B4A-11D0-8D11-00A0C91BC942}") = "A06_Vector", "A06_Vector\A06_Vector.vcxproj", "{BD3583C2-41E2-414F-821F-08C8BFFC3CA8}"
EndProject
Project("{8BC9CEB8-8B4A-11D0-8D11-00A0C91BC942}") = "A08deque", "A08deque\A08deque.vcxproj", "{1ECF3482-46EA-4F7C-995A-E32DB1A04B23}"
EndProject
Project("{8BC9CEB8-8B4A-11D0-8D11-00A0C91BC942}") = "A09_Stack", "A08_Stack\A08_Stack.vcxproj", "{FD151E51-935F-4595-9A63-395E7881C9AC}"
EndProject
Project("{8BC9CEB8-8B4A-11D0-8D11-00A0C91BC942}") = "A10_List", "A10_List\A10_List.vcxproj", "{8B7605C3-44E9-434C-BF48-B847847E7FD1}"
EndProject
Global
	GlobalSection(SolutionConfigurationPlatforms) = preSolution
		Debug|x64 = Debug|x64
		Debug|x86 = Debug|x86
		Release|x64 = Release|x64
		Release|x86 = Release|x86
	EndGlobalSection
	GlobalSection(ProjectConfigurationPlatforms) = postSolution
		{4A60EAE6-0281-42FC-9613-DB52F4D32BB4}.Debug|x64.ActiveCfg = Debug|x64
		{4A60EAE6-0281-42FC-9613-DB52F4D32BB4}.Debug|x64.Build.0 = Debug|x64
		{4A60EAE6-0281-42FC-9613-DB52F4D32BB4}.Debug|x86.ActiveCfg = Debug|Win32
		{4A60EAE6-0281-42FC-9613-DB52F4D32BB4}.Debug|x86.Build.0 = Debug|Win32
		{4A60EAE6-0281-42FC-9613-DB52F4D32BB4}.Release|x64.ActiveCfg = Release|x64
		{4A60EAE6-0281-42FC-9613-DB52F4D32BB4}.Release|x64.Build.0 = Release|x64
		{4A60EAE6-0281-42FC-9613-DB52F4D32BB4}.Release|x86.ActiveCfg = Release|Win32
		{4A60EAE6-0281-42FC-9613-DB52F4D32BB4}.Release|x86.Build.0 = Release|Win32
		{539AFE85-04F4-46A6-A1D1-3C40BC306947}.Debug|x64.ActiveCfg = Debug|x64
		{539AFE85-04F4-46A6-A1D1-3C40BC306947}.Debug|x64.Build.0 = Debug|x64
		{539AFE85-04F4-46A6-A1D1-3C40BC306947}.Debug|x86.ActiveCfg = Debug|Win32
		{539AFE85-04F4-46A6-A1D1-3C40BC306947}.Debug|x86.Build.0 = Debug|Win32
		{539AFE85-04F4-46A6-A1D1-3C40BC306947}.Release|x64.ActiveCfg = Release|x64
		{539AFE85-04F4-46A6-A1D1-3C40BC306947}.Release|x64.Build.0 = Release|x64
		{539AFE85-04F4-46A6-A1D1-3C40BC306947}.Release|x86.ActiveCfg = Release|Win32
		{539AFE85-04F4-46A6-A1D1-3C40BC306947}.Release|x86.Build.0 = Release|Win32
		{BF1F5A6F-CF2C-4B2B-9199-D55B0420826F}.Debug|x64.ActiveCfg = Debug|x64
		{BF1F5A6F-CF2C-4B2B-9199-D55B0420826F}.Debug|x64.Build.0 = Debug|x64
		{BF1F5A6F-CF2C-4B2B-9199-D55B0420826F}.Debug|x86.ActiveCfg = Debug|Win32
		{BF1F5A6F-CF2C-4B2B-9199-D55B0420826F}.Debug|x86.Build.0 = Debug|Win32
		{BF1F5A6F-CF2C-4B2B-9199-D55B0420826F}.Release|x64.ActiveCfg = Release|x64
		{BF1F5A6F-CF2C-4B2B-9199-D55B0420826F}.Release|x64.Build.0 = Release|x64
		{BF1F5A6F-CF2C-4B2B-9199-D55B0420826F}.Release|x86.ActiveCfg = Release|Win32
		{BF1F5A6F-CF2C-4B2B-9199-D55B0420826F}.Release|x86.Build.0 = Release|Win32
		{BAA3BBBE-6903-49C2-A0F1-92550E355DE6}.Debug|x64.ActiveCfg = Debug|x64
		{BAA3BBBE-6903-49C2-A0F1-92550E355DE6}.Debug|x64.Build.0 = Debug|x64
		{BAA3BBBE-6903-49C2-A0F1-92550E355DE6}.Debug|x86.ActiveCfg = Debug|Win32
		{BAA3BBBE-6903-49C2-A0F1-92550E355DE6}.Debug|x86.Build.0 = Debug|Win32
		{BAA3BBBE-6903-49C2-A0F1-92550E355DE6}.Release|x64.ActiveCfg = Release|x64
		{BAA3BBBE-6903-49C2-A0F1-92550E355DE6}.Release|x64.Build.0 = Release|x64
		{BAA3BBBE-6903-49C2-A0F1-92550E355DE6}.Release|x86.ActiveCfg = Release|Win32
		{BAA3BBBE-6903-49C2-A0F1-92550E355DE6}.Release|x86.Build.0 = Release|Win32
		{99D6DF97-F066-44EF-B81A-5F58A56D1744}.Debug|x64.ActiveCfg = Debug|x64
		{99D6DF97-F066-44EF-B81A-5F58A56D1744}.Debug|x64.Build.0 = Debug|x64
		{99D6DF97-F066-44EF-B81A-5F58A56D1744}.Debug|x86.ActiveCfg = Debug|Win32
		{99D6DF97-F066-44EF-B81A-5F58A56D1744}.Debug|x86.Build.0 = Debug|Win32
		{99D6DF97-F066-44EF-B81A-5F58A56D1744}.Release|x64.ActiveCfg = Release|x64
		{99D6DF97-F066-44EF-B81A-5F58A56D1744}.Release|x64.Build.0 = Release|x64
		{99D6DF97-F066-44EF-B81A-5F58A56D1744}.Release|x86.ActiveCfg = Release|Win32
		{99D6DF97-F066-44EF-B81A-5F58A56D1744}.Release|x86.Build.0 = Release|Win32
		{BD3583C2-41E2-414F-821F-08C8BFFC3CA8}.Debug|x64.ActiveCfg = Debug|x64
		{BD3583C2-41E2-414F-821F-08C8BFFC3CA8}.Debug|x64.Build.0 = Debug|x64
		{BD3583C2-41E2-414F-821F-08C8BFFC3CA8}.Debug|x86.ActiveCfg = Debug|Win32
		{BD3583C2-41E2-414F-821F-08C8BFFC3CA8}.Debug|x86.Build.0 = Debug|Win32
		{BD3583C2-41E2-414F-821F-08C8BFFC3CA8}.Release|x64.ActiveCfg = Release|x64
		{BD3583C2-41E2-414F-821F-08C8BFFC3CA8}.Release|x64.Build.0 = Release|x64
		{BD3583C2-41E2-414F-821F-08C8BFFC3CA8}.Release|x86.ActiveCfg = Release|Win32
		{BD3583C2-41E2-414F-821F-08C8BFFC3CA8}.Release|x86.Build.0 = Release|Win32
		{1ECF3482-46EA-4F7C-995A-E32DB1A04B23}.Debug|x64.ActiveCfg = Debug|x64
		{1ECF3482-46EA-4F7C-995A-E32DB1A04B23}.Debug|x64.Build.0 = Debug|x64
		{1ECF3482-46EA-4F7C-995A-E32DB1A04B23}.Debug|x86.ActiveCfg = Debug|Win32
		{1ECF3482-46EA-4F7C-995A-E32DB1A04B23}.Debug|x86.Build.0 = Debug|Win32
		{1ECF3482-46EA-4F7C-995A-E32DB1A04B23}.Release|x64.ActiveCfg = Release|x64
		{1ECF3482-46EA-4F7C-995A-E32DB1A04B23}.Release|x64.Build.0 = Release|x64
		{1ECF3482-46EA-4F7C-995A-E32DB1A04B23}.Release|x86.ActiveCfg = Release|Win32
		{1ECF3482-46EA-4F7C-995A-E32DB1A04B23}.Release|x86.Build.0 = Release|Win32
		{FD151E51-935F-4595-9A63-395E7881C9AC}.Debug|x64.ActiveCfg = Debug|x64
		{FD151E51-935F-4595-9A63-395E7881C9AC}.Debug|x64.Build.0 = Debug|x64
		{FD151E51-935F-4595-9A63-395E7881C9AC}.Debug|x86.ActiveCfg = Debug|Win32
		{FD151E51-935F-4595-9A63-395E7881C9AC}.Debug|x86.Build.0 = Debug|Win32
		{FD151E51-935F-4595-9A63-395E7881C9AC}.Release|x64.ActiveCfg = Release|x64
		{FD151E51-935F-4595-9A63-395E7881C9AC}.Release|x64.Build.0 = Release|x64
		{FD151E51-935F-4595-9A63-395E7881C9AC}.Release|x86.ActiveCfg = Release|Win32
		{FD151E51-935F-4595-9A63-395E7881C9AC}.Release|x86.Build.0 = Release|Win32
		{8B7605C3-44E9-434C-BF48-B847847E7FD1}.Debug|x64.ActiveCfg = Debug|x64
		{8B7605C3-44E9-434C-BF48-B847847E7FD1}.Debug|x64.Build.0 = Debug|x64
		{8B7605C3-44E9-434C-BF48-B847847E7FD1}.Debug|x86.ActiveCfg = Debug|Win32
		{8B7605C3-44E9-434C-BF48-B847847E7FD1}.Debug|x86.Build.0 = Debug|Win32
		{8B7605C3-44E9-434C-BF48-B847847E7FD1}.Release|x64.ActiveCfg = Release|x64
		{8B7605C3-44E9-434C-BF48-B847847E7FD1}.Release|x64.Build.0 = Release|x64
		{8B7605C3-44E9-434C-BF48-B847847E7FD1}.Release|x86.ActiveCfg = Release|Win32
		{8B7605C3-44E9-434C-BF48-B847847E7FD1}.Release|x86.Build.0 = Release|Win32
	EndGlobalSection
	GlobalSection(SolutionProperties) = preSolution
		HideSolutionNode = FALSE
	EndGlobalSection
EndGlobal
